
Microsoft Visual Studio Solution File, Format Version 12.00
# Visual Studio Version 16
VisualStudioVersion = 16.0.33927.289
MinimumVisualStudioVersion = 10.0.40219.1
Project("{2150E333-8FDC-42A3-9474-1A3956D46DE8}") = "Obzor", "Obzor", "{CB9123FE-458B-4BC2-B4C5-07C547676901}"
EndProject
Project("{FAE04EC0-301F-11D3-BF4B-00C04F79EFBC}") = "WindowsFormsMyApp1", "WindowsFormsMyApp1\WindowsFormsMyApp1.csproj", "{6E279BA5-14BA-40E3-889C-2AA622590A90}"
EndProject
Project("{2150E333-8FDC-42A3-9474-1A3956D46DE8}") = "Task0", "Task0", "{5387807A-3A68-4CED-AF9F-C598C74D4C9D}"
EndProject
Project("{FAE04EC0-301F-11D3-BF4B-00C04F79EFBC}") = "Tyuiu.ZakharovaYV.Sprint6.Task0.V23.Test", "Tyuiu.ZakharovaYV.Sprint6.Task0.V23.Test\Tyuiu.ZakharovaYV.Sprint6.Task0.V23.Test.csproj", "{D5BC0AA0-9898-4B05-B7DB-91C111323CE1}"
EndProject
Project("{FAE04EC0-301F-11D3-BF4B-00C04F79EFBC}") = "Tyuiu.ZakharovaYV.Sprint6.Task0.V23.Lib", "Tyuiu.ZakharovaYV.Sprint6.Task0.V23.Lib\Tyuiu.ZakharovaYV.Sprint6.Task0.V23.Lib.csproj", "{CA276AC1-83F7-488C-BF15-B24FAEBD1499}"
EndProject
Project("{FAE04EC0-301F-11D3-BF4B-00C04F79EFBC}") = "Tyuiu.ZakharovaYV.Sprint6.Task0.V23", "Tyuiu.ZakharovaYV.Sprint6.Task0.V23\Tyuiu.ZakharovaYV.Sprint6.Task0.V23.csproj", "{C3E4F6AF-D9E2-4FC7-8279-1CE82E27CF22}"
EndProject
Project("{2150E333-8FDC-42A3-9474-1A3956D46DE8}") = "Task1", "Task1", "{7C4CFFA0-C4D3-41E4-958C-8E864AEF51AE}"
EndProject
Project("{FAE04EC0-301F-11D3-BF4B-00C04F79EFBC}") = "Tyuiu.ZakharovaYV.Sprint6.Task1.V10", "Tyuiu.ZakharovaYV.Sprint6.Task1.V10\Tyuiu.ZakharovaYV.Sprint6.Task1.V10.csproj", "{CD2D4E3E-150C-4BF9-A965-3E227A6538C5}"
EndProject
Project("{FAE04EC0-301F-11D3-BF4B-00C04F79EFBC}") = "Tyuiu.ZakharovaYV.Sprint6.Task1.V10.Lib", "Tyuiu.ZakharovaYV.Sprint6.Task1.V10.Lib\Tyuiu.ZakharovaYV.Sprint6.Task1.V10.Lib.csproj", "{0720B847-D701-49D1-8206-5C51A6C5F146}"
EndProject
Project("{FAE04EC0-301F-11D3-BF4B-00C04F79EFBC}") = "Tyuiu.ZakharovaYV.Sprint6.Task1.V10.Test", "Tyuiu.ZakharovaYV.Sprint6.Task1.V10.Test\Tyuiu.ZakharovaYV.Sprint6.Task1.V10.Test.csproj", "{8CA702C1-76B3-4B27-B6FD-93B253C2F04A}"
EndProject
Project("{2150E333-8FDC-42A3-9474-1A3956D46DE8}") = "Task2", "Task2", "{373788EE-114A-404A-A95D-F198A57C22E2}"
EndProject
Project("{FAE04EC0-301F-11D3-BF4B-00C04F79EFBC}") = "Tyuiu.ZakharovaYV.Sprint6.Task2.V28", "Tyuiu.ZakharovaYV.Sprint6.Task2.V28\Tyuiu.ZakharovaYV.Sprint6.Task2.V28.csproj", "{7E249B4C-D544-4E3E-AFEF-61C9EDCBB4E6}"
EndProject
Project("{FAE04EC0-301F-11D3-BF4B-00C04F79EFBC}") = "Tyuiu.ZakharovaYV.Sprint6.Task2.V28.Test", "Tyuiu.ZakharovaYV.Sprint6.Task2.V28.Test\Tyuiu.ZakharovaYV.Sprint6.Task2.V28.Test.csproj", "{7C0BC3F2-D209-4368-916D-0A4BC0458424}"
EndProject
Project("{FAE04EC0-301F-11D3-BF4B-00C04F79EFBC}") = "Tyuiu.ZakharovaYV.Sprint6.Task2.V28.Lib", "Tyuiu.ZakharovaYV.Sprint6.Task2.V28.Lib\Tyuiu.ZakharovaYV.Sprint6.Task2.V28.Lib.csproj", "{5DDE51F7-308C-47A2-9E07-434F50A1B24B}"
EndProject
Project("{2150E333-8FDC-42A3-9474-1A3956D46DE8}") = "Task3", "Task3", "{9D36ABFD-5D5D-4D99-8A44-64BC5D4D429F}"
EndProject
Project("{FAE04EC0-301F-11D3-BF4B-00C04F79EFBC}") = "Tyuiu.ZakharovaYV.Sprint6.Task3.V18", "Tyuiu.ZakharovaYV.Sprint6.Task3.V18\Tyuiu.ZakharovaYV.Sprint6.Task3.V18.csproj", "{21A3FBED-B12C-4F78-BA46-600D0C7D47F4}"
EndProject
Project("{FAE04EC0-301F-11D3-BF4B-00C04F79EFBC}") = "Tyuiu.ZakharovaYV.Sprint6.Task3.V18.Lib", "Tyuiu.ZakharovaYV.Sprint6.Task3.V18.Lib\Tyuiu.ZakharovaYV.Sprint6.Task3.V18.Lib.csproj", "{299A841D-1023-4169-9FBD-C125FA32EF45}"
EndProject
Project("{FAE04EC0-301F-11D3-BF4B-00C04F79EFBC}") = "Tyuiu.ZakharovaYV.Sprint6.Task3.V18.Test", "Tyuiu.ZakharovaYV.Sprint6.Task3.V18.Test\Tyuiu.ZakharovaYV.Sprint6.Task3.V18.Test.csproj", "{C3BE97D2-EC20-4082-B6B7-EC78DFAC1BF0}"
EndProject
Project("{2150E333-8FDC-42A3-9474-1A3956D46DE8}") = "Task4", "Task4", "{969A4348-1C99-4581-874F-3CC7C13A9BAE}"
EndProject
Project("{FAE04EC0-301F-11D3-BF4B-00C04F79EFBC}") = "Tyuiu.ZakharovaYV.Sprint6.Task4.V8", "Tyuiu.ZakharovaYV.Sprint6.Task4.V8\Tyuiu.ZakharovaYV.Sprint6.Task4.V8.csproj", "{DBEB3CC1-3FD8-4840-8D41-E522398B989D}"
EndProject
Project("{FAE04EC0-301F-11D3-BF4B-00C04F79EFBC}") = "Tyuiu.ZakharovaYV.Sprint6.Task4.V8.Lib", "Tyuiu.ZakharovaYV.Sprint6.Task4.V8.Lib\Tyuiu.ZakharovaYV.Sprint6.Task4.V8.Lib.csproj", "{DC8253BB-6B42-4EF2-91FE-112EF33C852A}"
EndProject
Project("{FAE04EC0-301F-11D3-BF4B-00C04F79EFBC}") = "Tyuiu.ZakharovaYV.Sprint6.Task4.V8.Test", "Tyuiu.ZakharovaYV.Sprint6.Task4.V8.Test\Tyuiu.ZakharovaYV.Sprint6.Task4.V8.Test.csproj", "{4B044545-21B8-446F-965B-5C61204F1860}"
EndProject
Project("{2150E333-8FDC-42A3-9474-1A3956D46DE8}") = "Task5", "Task5", "{5220C105-AF9F-416B-AB9A-262638B75384}"
EndProject
Project("{FAE04EC0-301F-11D3-BF4B-00C04F79EFBC}") = "Tyuiu.ZakharovaYV.Sprint6.Task5.V12", "Tyuiu.ZakharovaYV.Sprint6.Task5.V12\Tyuiu.ZakharovaYV.Sprint6.Task5.V12.csproj", "{A7EBDB8C-1EF1-4336-BA7E-F3F0F8743880}"
EndProject
Project("{FAE04EC0-301F-11D3-BF4B-00C04F79EFBC}") = "Tyuiu.ZakharovaYV.Sprint6.Task5.V12.Lib", "Tyuiu.ZakharovaYV.Sprint6.Task5.V12.Lib\Tyuiu.ZakharovaYV.Sprint6.Task5.V12.Lib.csproj", "{A914E6AA-C935-4206-9B10-4288B53AADBE}"
EndProject
Project("{FAE04EC0-301F-11D3-BF4B-00C04F79EFBC}") = "Tyuiu.ZakharovaYV.Sprint6.Task5.V12.Test", "Tyuiu.ZakharovaYV.Sprint6.Task5.V12.Test\Tyuiu.ZakharovaYV.Sprint6.Task5.V12.Test.csproj", "{006A827D-1E7C-4F2D-9FFB-D667A3EE561E}"
EndProject
Project("{2150E333-8FDC-42A3-9474-1A3956D46DE8}") = "Task6", "Task6", "{8C681D92-7A2D-427D-90B2-04C6E76F2530}"
EndProject
Project("{FAE04EC0-301F-11D3-BF4B-00C04F79EFBC}") = "Tyuiu.ZakharovaYV.Sprint6.Task6.V9", "Tyuiu.ZakharovaYV.Sprint6.Task6.V9\Tyuiu.ZakharovaYV.Sprint6.Task6.V9.csproj", "{2519A142-99D2-417B-B998-B82B2A5CC62F}"
EndProject
Project("{FAE04EC0-301F-11D3-BF4B-00C04F79EFBC}") = "Tyuiu.ZakharovaYV.Sprint6.Task6.V9.Lib", "Tyuiu.ZakharovaYV.Sprint6.Task6.V9.Lib\Tyuiu.ZakharovaYV.Sprint6.Task6.V9.Lib.csproj", "{9A9A00C5-F8EC-46C9-9934-43329434F2BC}"
EndProject
Project("{FAE04EC0-301F-11D3-BF4B-00C04F79EFBC}") = "Tyuiu.ZakharovaYV.Sprint6.Task6.V9.Test", "Tyuiu.ZakharovaYV.Sprint6.Task6.V9.Test\Tyuiu.ZakharovaYV.Sprint6.Task6.V9.Test.csproj", "{F7652466-76F6-403C-9689-4D280A35AE4F}"
EndProject
Project("{2150E333-8FDC-42A3-9474-1A3956D46DE8}") = "Task7", "Task7", "{19ADACAC-CF57-48A7-9559-A3F12B33C353}"
EndProject
Project("{FAE04EC0-301F-11D3-BF4B-00C04F79EFBC}") = "Tyuiu.ZakharovaYV.Sprint6.Task7.V17", "Tyuiu.ZakharovaYV.Sprint6.Task7.V17\Tyuiu.ZakharovaYV.Sprint6.Task7.V17.csproj", "{01821AA0-5D7C-4A74-B019-7F139FD00F94}"
EndProject
Project("{FAE04EC0-301F-11D3-BF4B-00C04F79EFBC}") = "Tyuiu.ZakharovaYV.Sprint6.Task7.V17.Lib", "Tyuiu.ZakharovaYV.Sprint6.Task7.V17.Lib\Tyuiu.ZakharovaYV.Sprint6.Task7.V17.Lib.csproj", "{BE24C50C-B992-4C9C-AEC6-3E1059063B53}"
EndProject
Project("{FAE04EC0-301F-11D3-BF4B-00C04F79EFBC}") = "Tyuiu.ZakharovaYV.Sprint6.Task7.V17.Test", "Tyuiu.ZakharovaYV.Sprint6.Task7.V17.Test\Tyuiu.ZakharovaYV.Sprint6.Task7.V17.Test.csproj", "{EE97BE5E-65BF-44A0-A46F-2A6D51B25B32}"
EndProject
Global
	GlobalSection(SolutionConfigurationPlatforms) = preSolution
		Debug|Any CPU = Debug|Any CPU
		Release|Any CPU = Release|Any CPU
	EndGlobalSection
	GlobalSection(ProjectConfigurationPlatforms) = postSolution
		{6E279BA5-14BA-40E3-889C-2AA622590A90}.Debug|Any CPU.ActiveCfg = Debug|Any CPU
		{6E279BA5-14BA-40E3-889C-2AA622590A90}.Debug|Any CPU.Build.0 = Debug|Any CPU
		{6E279BA5-14BA-40E3-889C-2AA622590A90}.Release|Any CPU.ActiveCfg = Release|Any CPU
		{6E279BA5-14BA-40E3-889C-2AA622590A90}.Release|Any CPU.Build.0 = Release|Any CPU
		{D5BC0AA0-9898-4B05-B7DB-91C111323CE1}.Debug|Any CPU.ActiveCfg = Debug|Any CPU
		{D5BC0AA0-9898-4B05-B7DB-91C111323CE1}.Debug|Any CPU.Build.0 = Debug|Any CPU
		{D5BC0AA0-9898-4B05-B7DB-91C111323CE1}.Release|Any CPU.ActiveCfg = Release|Any CPU
		{D5BC0AA0-9898-4B05-B7DB-91C111323CE1}.Release|Any CPU.Build.0 = Release|Any CPU
		{CA276AC1-83F7-488C-BF15-B24FAEBD1499}.Debug|Any CPU.ActiveCfg = Debug|Any CPU
		{CA276AC1-83F7-488C-BF15-B24FAEBD1499}.Debug|Any CPU.Build.0 = Debug|Any CPU
		{CA276AC1-83F7-488C-BF15-B24FAEBD1499}.Release|Any CPU.ActiveCfg = Release|Any CPU
		{CA276AC1-83F7-488C-BF15-B24FAEBD1499}.Release|Any CPU.Build.0 = Release|Any CPU
		{C3E4F6AF-D9E2-4FC7-8279-1CE82E27CF22}.Debug|Any CPU.ActiveCfg = Debug|Any CPU
		{C3E4F6AF-D9E2-4FC7-8279-1CE82E27CF22}.Debug|Any CPU.Build.0 = Debug|Any CPU
		{C3E4F6AF-D9E2-4FC7-8279-1CE82E27CF22}.Release|Any CPU.ActiveCfg = Release|Any CPU
		{C3E4F6AF-D9E2-4FC7-8279-1CE82E27CF22}.Release|Any CPU.Build.0 = Release|Any CPU
		{CD2D4E3E-150C-4BF9-A965-3E227A6538C5}.Debug|Any CPU.ActiveCfg = Debug|Any CPU
		{CD2D4E3E-150C-4BF9-A965-3E227A6538C5}.Debug|Any CPU.Build.0 = Debug|Any CPU
		{CD2D4E3E-150C-4BF9-A965-3E227A6538C5}.Release|Any CPU.ActiveCfg = Release|Any CPU
		{CD2D4E3E-150C-4BF9-A965-3E227A6538C5}.Release|Any CPU.Build.0 = Release|Any CPU
		{0720B847-D701-49D1-8206-5C51A6C5F146}.Debug|Any CPU.ActiveCfg = Debug|Any CPU
		{0720B847-D701-49D1-8206-5C51A6C5F146}.Debug|Any CPU.Build.0 = Debug|Any CPU
		{0720B847-D701-49D1-8206-5C51A6C5F146}.Release|Any CPU.ActiveCfg = Release|Any CPU
		{0720B847-D701-49D1-8206-5C51A6C5F146}.Release|Any CPU.Build.0 = Release|Any CPU
		{8CA702C1-76B3-4B27-B6FD-93B253C2F04A}.Debug|Any CPU.ActiveCfg = Debug|Any CPU
		{8CA702C1-76B3-4B27-B6FD-93B253C2F04A}.Debug|Any CPU.Build.0 = Debug|Any CPU
		{8CA702C1-76B3-4B27-B6FD-93B253C2F04A}.Release|Any CPU.ActiveCfg = Release|Any CPU
		{8CA702C1-76B3-4B27-B6FD-93B253C2F04A}.Release|Any CPU.Build.0 = Release|Any CPU
		{7E249B4C-D544-4E3E-AFEF-61C9EDCBB4E6}.Debug|Any CPU.ActiveCfg = Debug|Any CPU
		{7E249B4C-D544-4E3E-AFEF-61C9EDCBB4E6}.Debug|Any CPU.Build.0 = Debug|Any CPU
		{7E249B4C-D544-4E3E-AFEF-61C9EDCBB4E6}.Release|Any CPU.ActiveCfg = Release|Any CPU
		{7E249B4C-D544-4E3E-AFEF-61C9EDCBB4E6}.Release|Any CPU.Build.0 = Release|Any CPU
		{7C0BC3F2-D209-4368-916D-0A4BC0458424}.Debug|Any CPU.ActiveCfg = Debug|Any CPU
		{7C0BC3F2-D209-4368-916D-0A4BC0458424}.Debug|Any CPU.Build.0 = Debug|Any CPU
		{7C0BC3F2-D209-4368-916D-0A4BC0458424}.Release|Any CPU.ActiveCfg = Release|Any CPU
		{7C0BC3F2-D209-4368-916D-0A4BC0458424}.Release|Any CPU.Build.0 = Release|Any CPU
		{5DDE51F7-308C-47A2-9E07-434F50A1B24B}.Debug|Any CPU.ActiveCfg = Debug|Any CPU
		{5DDE51F7-308C-47A2-9E07-434F50A1B24B}.Debug|Any CPU.Build.0 = Debug|Any CPU
		{5DDE51F7-308C-47A2-9E07-434F50A1B24B}.Release|Any CPU.ActiveCfg = Release|Any CPU
		{5DDE51F7-308C-47A2-9E07-434F50A1B24B}.Release|Any CPU.Build.0 = Release|Any CPU
		{21A3FBED-B12C-4F78-BA46-600D0C7D47F4}.Debug|Any CPU.ActiveCfg = Debug|Any CPU
		{21A3FBED-B12C-4F78-BA46-600D0C7D47F4}.Debug|Any CPU.Build.0 = Debug|Any CPU
		{21A3FBED-B12C-4F78-BA46-600D0C7D47F4}.Release|Any CPU.ActiveCfg = Release|Any CPU
		{21A3FBED-B12C-4F78-BA46-600D0C7D47F4}.Release|Any CPU.Build.0 = Release|Any CPU
		{299A841D-1023-4169-9FBD-C125FA32EF45}.Debug|Any CPU.ActiveCfg = Debug|Any CPU
		{299A841D-1023-4169-9FBD-C125FA32EF45}.Debug|Any CPU.Build.0 = Debug|Any CPU
		{299A841D-1023-4169-9FBD-C125FA32EF45}.Release|Any CPU.ActiveCfg = Release|Any CPU
		{299A841D-1023-4169-9FBD-C125FA32EF45}.Release|Any CPU.Build.0 = Release|Any CPU
		{C3BE97D2-EC20-4082-B6B7-EC78DFAC1BF0}.Debug|Any CPU.ActiveCfg = Debug|Any CPU
		{C3BE97D2-EC20-4082-B6B7-EC78DFAC1BF0}.Debug|Any CPU.Build.0 = Debug|Any CPU
		{C3BE97D2-EC20-4082-B6B7-EC78DFAC1BF0}.Release|Any CPU.ActiveCfg = Release|Any CPU
		{C3BE97D2-EC20-4082-B6B7-EC78DFAC1BF0}.Release|Any CPU.Build.0 = Release|Any CPU
		{DBEB3CC1-3FD8-4840-8D41-E522398B989D}.Debug|Any CPU.ActiveCfg = Debug|Any CPU
		{DBEB3CC1-3FD8-4840-8D41-E522398B989D}.Debug|Any CPU.Build.0 = Debug|Any CPU
		{DBEB3CC1-3FD8-4840-8D41-E522398B989D}.Release|Any CPU.ActiveCfg = Release|Any CPU
		{DBEB3CC1-3FD8-4840-8D41-E522398B989D}.Release|Any CPU.Build.0 = Release|Any CPU
		{DC8253BB-6B42-4EF2-91FE-112EF33C852A}.Debug|Any CPU.ActiveCfg = Debug|Any CPU
		{DC8253BB-6B42-4EF2-91FE-112EF33C852A}.Debug|Any CPU.Build.0 = Debug|Any CPU
		{DC8253BB-6B42-4EF2-91FE-112EF33C852A}.Release|Any CPU.ActiveCfg = Release|Any CPU
		{DC8253BB-6B42-4EF2-91FE-112EF33C852A}.Release|Any CPU.Build.0 = Release|Any CPU
		{4B044545-21B8-446F-965B-5C61204F1860}.Debug|Any CPU.ActiveCfg = Debug|Any CPU
		{4B044545-21B8-446F-965B-5C61204F1860}.Debug|Any CPU.Build.0 = Debug|Any CPU
		{4B044545-21B8-446F-965B-5C61204F1860}.Release|Any CPU.ActiveCfg = Release|Any CPU
		{4B044545-21B8-446F-965B-5C61204F1860}.Release|Any CPU.Build.0 = Release|Any CPU
		{A7EBDB8C-1EF1-4336-BA7E-F3F0F8743880}.Debug|Any CPU.ActiveCfg = Debug|Any CPU
		{A7EBDB8C-1EF1-4336-BA7E-F3F0F8743880}.Debug|Any CPU.Build.0 = Debug|Any CPU
		{A7EBDB8C-1EF1-4336-BA7E-F3F0F8743880}.Release|Any CPU.ActiveCfg = Release|Any CPU
		{A7EBDB8C-1EF1-4336-BA7E-F3F0F8743880}.Release|Any CPU.Build.0 = Release|Any CPU
		{A914E6AA-C935-4206-9B10-4288B53AADBE}.Debug|Any CPU.ActiveCfg = Debug|Any CPU
		{A914E6AA-C935-4206-9B10-4288B53AADBE}.Debug|Any CPU.Build.0 = Debug|Any CPU
		{A914E6AA-C935-4206-9B10-4288B53AADBE}.Release|Any CPU.ActiveCfg = Release|Any CPU
		{A914E6AA-C935-4206-9B10-4288B53AADBE}.Release|Any CPU.Build.0 = Release|Any CPU
		{006A827D-1E7C-4F2D-9FFB-D667A3EE561E}.Debug|Any CPU.ActiveCfg = Debug|Any CPU
		{006A827D-1E7C-4F2D-9FFB-D667A3EE561E}.Debug|Any CPU.Build.0 = Debug|Any CPU
		{006A827D-1E7C-4F2D-9FFB-D667A3EE561E}.Release|Any CPU.ActiveCfg = Release|Any CPU
		{006A827D-1E7C-4F2D-9FFB-D667A3EE561E}.Release|Any CPU.Build.0 = Release|Any CPU
		{2519A142-99D2-417B-B998-B82B2A5CC62F}.Debug|Any CPU.ActiveCfg = Debug|Any CPU
		{2519A142-99D2-417B-B998-B82B2A5CC62F}.Debug|Any CPU.Build.0 = Debug|Any CPU
		{2519A142-99D2-417B-B998-B82B2A5CC62F}.Release|Any CPU.ActiveCfg = Release|Any CPU
		{2519A142-99D2-417B-B998-B82B2A5CC62F}.Release|Any CPU.Build.0 = Release|Any CPU
		{9A9A00C5-F8EC-46C9-9934-43329434F2BC}.Debug|Any CPU.ActiveCfg = Debug|Any CPU
		{9A9A00C5-F8EC-46C9-9934-43329434F2BC}.Debug|Any CPU.Build.0 = Debug|Any CPU
		{9A9A00C5-F8EC-46C9-9934-43329434F2BC}.Release|Any CPU.ActiveCfg = Release|Any CPU
		{9A9A00C5-F8EC-46C9-9934-43329434F2BC}.Release|Any CPU.Build.0 = Release|Any CPU
		{F7652466-76F6-403C-9689-4D280A35AE4F}.Debug|Any CPU.ActiveCfg = Debug|Any CPU
		{F7652466-76F6-403C-9689-4D280A35AE4F}.Debug|Any CPU.Build.0 = Debug|Any CPU
		{F7652466-76F6-403C-9689-4D280A35AE4F}.Release|Any CPU.ActiveCfg = Release|Any CPU
		{F7652466-76F6-403C-9689-4D280A35AE4F}.Release|Any CPU.Build.0 = Release|Any CPU
		{01821AA0-5D7C-4A74-B019-7F139FD00F94}.Debug|Any CPU.ActiveCfg = Debug|Any CPU
		{01821AA0-5D7C-4A74-B019-7F139FD00F94}.Debug|Any CPU.Build.0 = Debug|Any CPU
		{01821AA0-5D7C-4A74-B019-7F139FD00F94}.Release|Any CPU.ActiveCfg = Release|Any CPU
		{01821AA0-5D7C-4A74-B019-7F139FD00F94}.Release|Any CPU.Build.0 = Release|Any CPU
		{BE24C50C-B992-4C9C-AEC6-3E1059063B53}.Debug|Any CPU.ActiveCfg = Debug|Any CPU
		{BE24C50C-B992-4C9C-AEC6-3E1059063B53}.Debug|Any CPU.Build.0 = Debug|Any CPU
		{BE24C50C-B992-4C9C-AEC6-3E1059063B53}.Release|Any CPU.ActiveCfg = Release|Any CPU
		{BE24C50C-B992-4C9C-AEC6-3E1059063B53}.Release|Any CPU.Build.0 = Release|Any CPU
		{EE97BE5E-65BF-44A0-A46F-2A6D51B25B32}.Debug|Any CPU.ActiveCfg = Debug|Any CPU
		{EE97BE5E-65BF-44A0-A46F-2A6D51B25B32}.Debug|Any CPU.Build.0 = Debug|Any CPU
		{EE97BE5E-65BF-44A0-A46F-2A6D51B25B32}.Release|Any CPU.ActiveCfg = Release|Any CPU
		{EE97BE5E-65BF-44A0-A46F-2A6D51B25B32}.Release|Any CPU.Build.0 = Release|Any CPU
	EndGlobalSection
	GlobalSection(SolutionProperties) = preSolution
		HideSolutionNode = FALSE
	EndGlobalSection
	GlobalSection(NestedProjects) = preSolution
		{6E279BA5-14BA-40E3-889C-2AA622590A90} = {CB9123FE-458B-4BC2-B4C5-07C547676901}
		{D5BC0AA0-9898-4B05-B7DB-91C111323CE1} = {5387807A-3A68-4CED-AF9F-C598C74D4C9D}
		{CA276AC1-83F7-488C-BF15-B24FAEBD1499} = {5387807A-3A68-4CED-AF9F-C598C74D4C9D}
		{C3E4F6AF-D9E2-4FC7-8279-1CE82E27CF22} = {5387807A-3A68-4CED-AF9F-C598C74D4C9D}
		{CD2D4E3E-150C-4BF9-A965-3E227A6538C5} = {7C4CFFA0-C4D3-41E4-958C-8E864AEF51AE}
		{0720B847-D701-49D1-8206-5C51A6C5F146} = {7C4CFFA0-C4D3-41E4-958C-8E864AEF51AE}
		{8CA702C1-76B3-4B27-B6FD-93B253C2F04A} = {7C4CFFA0-C4D3-41E4-958C-8E864AEF51AE}
		{7E249B4C-D544-4E3E-AFEF-61C9EDCBB4E6} = {373788EE-114A-404A-A95D-F198A57C22E2}
		{7C0BC3F2-D209-4368-916D-0A4BC0458424} = {373788EE-114A-404A-A95D-F198A57C22E2}
		{5DDE51F7-308C-47A2-9E07-434F50A1B24B} = {373788EE-114A-404A-A95D-F198A57C22E2}
		{21A3FBED-B12C-4F78-BA46-600D0C7D47F4} = {9D36ABFD-5D5D-4D99-8A44-64BC5D4D429F}
		{299A841D-1023-4169-9FBD-C125FA32EF45} = {9D36ABFD-5D5D-4D99-8A44-64BC5D4D429F}
		{C3BE97D2-EC20-4082-B6B7-EC78DFAC1BF0} = {9D36ABFD-5D5D-4D99-8A44-64BC5D4D429F}
		{DBEB3CC1-3FD8-4840-8D41-E522398B989D} = {969A4348-1C99-4581-874F-3CC7C13A9BAE}
		{DC8253BB-6B42-4EF2-91FE-112EF33C852A} = {969A4348-1C99-4581-874F-3CC7C13A9BAE}
		{4B044545-21B8-446F-965B-5C61204F1860} = {969A4348-1C99-4581-874F-3CC7C13A9BAE}
		{A7EBDB8C-1EF1-4336-BA7E-F3F0F8743880} = {5220C105-AF9F-416B-AB9A-262638B75384}
		{A914E6AA-C935-4206-9B10-4288B53AADBE} = {5220C105-AF9F-416B-AB9A-262638B75384}
		{006A827D-1E7C-4F2D-9FFB-D667A3EE561E} = {5220C105-AF9F-416B-AB9A-262638B75384}
		{2519A142-99D2-417B-B998-B82B2A5CC62F} = {8C681D92-7A2D-427D-90B2-04C6E76F2530}
		{9A9A00C5-F8EC-46C9-9934-43329434F2BC} = {8C681D92-7A2D-427D-90B2-04C6E76F2530}
		{F7652466-76F6-403C-9689-4D280A35AE4F} = {8C681D92-7A2D-427D-90B2-04C6E76F2530}
		{01821AA0-5D7C-4A74-B019-7F139FD00F94} = {19ADACAC-CF57-48A7-9559-A3F12B33C353}
		{BE24C50C-B992-4C9C-AEC6-3E1059063B53} = {19ADACAC-CF57-48A7-9559-A3F12B33C353}
		{EE97BE5E-65BF-44A0-A46F-2A6D51B25B32} = {19ADACAC-CF57-48A7-9559-A3F12B33C353}
	EndGlobalSection
	GlobalSection(ExtensibilityGlobals) = postSolution
		SolutionGuid = {8081F809-98C7-4620-AB8D-64EF5682A69C}
	EndGlobalSection
EndGlobal
