
Microsoft Visual Studio Solution File, Format Version 12.00
# Visual Studio Version 16
VisualStudioVersion = 16.0.33927.289
MinimumVisualStudioVersion = 10.0.40219.1
Project("{2150E333-8FDC-42A3-9474-1A3956D46DE8}") = "Obzor", "Obzor", "{CB9123FE-458B-4BC2-B4C5-07C547676901}"
EndProject
Project("{FAE04EC0-301F-11D3-BF4B-00C04F79EFBC}") = "WindowsFormsMyApp1", "WindowsFormsMyApp1\WindowsFormsMyApp1.csproj", "{6E279BA5-14BA-40E3-889C-2AA622590A90}"
EndProject
Project("{2150E333-8FDC-42A3-9474-1A3956D46DE8}") = "Task0", "Task0", "{5387807A-3A68-4CED-AF9F-C598C74D4C9D}"
EndProject
Project("{FAE04EC0-301F-11D3-BF4B-00C04F79EFBC}") = "Tyuiu.ZakharovaYV.Sprint6.Task0.V23.Test", "Tyuiu.ZakharovaYV.Sprint6.Task0.V23.Test\Tyuiu.ZakharovaYV.Sprint6.Task0.V23.Test.csproj", "{D5BC0AA0-9898-4B05-B7DB-91C111323CE1}"
EndProject
Project("{FAE04EC0-301F-11D3-BF4B-00C04F79EFBC}") = "Tyuiu.ZakharovaYV.Sprint6.Task0.V23.Lib", "Tyuiu.ZakharovaYV.Sprint6.Task0.V23.Lib\Tyuiu.ZakharovaYV.Sprint6.Task0.V23.Lib.csproj", "{CA276AC1-83F7-488C-BF15-B24FAEBD1499}"
EndProject
Project("{FAE04EC0-301F-11D3-BF4B-00C04F79EFBC}") = "Tyuiu.ZakharovaYV.Sprint6.Task0.V23", "Tyuiu.ZakharovaYV.Sprint6.Task0.V23\Tyuiu.ZakharovaYV.Sprint6.Task0.V23.csproj", "{C3E4F6AF-D9E2-4FC7-8279-1CE82E27CF22}"
EndProject
Project("{2150E333-8FDC-42A3-9474-1A3956D46DE8}") = "Task1", "Task1", "{7C4CFFA0-C4D3-41E4-958C-8E864AEF51AE}"
EndProject
Project("{FAE04EC0-301F-11D3-BF4B-00C04F79EFBC}") = "Tyuiu.ZakharovaYV.Sprint6.Task1.V10", "Tyuiu.ZakharovaYV.Sprint6.Task1.V10\Tyuiu.ZakharovaYV.Sprint6.Task1.V10.csproj", "{CD2D4E3E-150C-4BF9-A965-3E227A6538C5}"
EndProject
Project("{FAE04EC0-301F-11D3-BF4B-00C04F79EFBC}") = "Tyuiu.ZakharovaYV.Sprint6.Task1.V10.Lib", "Tyuiu.ZakharovaYV.Sprint6.Task1.V10.Lib\Tyuiu.ZakharovaYV.Sprint6.Task1.V10.Lib.csproj", "{0720B847-D701-49D1-8206-5C51A6C5F146}"
EndProject
Project("{FAE04EC0-301F-11D3-BF4B-00C04F79EFBC}") = "Tyuiu.ZakharovaYV.Sprint6.Task1.V10.Test", "Tyuiu.ZakharovaYV.Sprint6.Task1.V10.Test\Tyuiu.ZakharovaYV.Sprint6.Task1.V10.Test.csproj", "{8CA702C1-76B3-4B27-B6FD-93B253C2F04A}"
EndProject
Project("{2150E333-8FDC-42A3-9474-1A3956D46DE8}") = "Task2", "Task2", "{373788EE-114A-404A-A95D-F198A57C22E2}"
EndProject
Project("{FAE04EC0-301F-11D3-BF4B-00C04F79EFBC}") = "Tyuiu.ZakharovaYV.Sprint6.Task2.V28", "Tyuiu.ZakharovaYV.Sprint6.Task2.V28\Tyuiu.ZakharovaYV.Sprint6.Task2.V28.csproj", "{7E249B4C-D544-4E3E-AFEF-61C9EDCBB4E6}"
EndProject
Project("{FAE04EC0-301F-11D3-BF4B-00C04F79EFBC}") = "Tyuiu.ZakharovaYV.Sprint6.Task2.V28.Test", "Tyuiu.ZakharovaYV.Sprint6.Task2.V28.Test\Tyuiu.ZakharovaYV.Sprint6.Task2.V28.Test.csproj", "{7C0BC3F2-D209-4368-916D-0A4BC0458424}"
EndProject
Project("{FAE04EC0-301F-11D3-BF4B-00C04F79EFBC}") = "Tyuiu.ZakharovaYV.Sprint6.Task2.V28.Lib", "Tyuiu.ZakharovaYV.Sprint6.Task2.V28.Lib\Tyuiu.ZakharovaYV.Sprint6.Task2.V28.Lib.csproj", "{5DDE51F7-308C-47A2-9E07-434F50A1B24B}"
EndProject
Global
	GlobalSection(SolutionConfigurationPlatforms) = preSolution
		Debug|Any CPU = Debug|Any CPU
		Release|Any CPU = Release|Any CPU
	EndGlobalSection
	GlobalSection(ProjectConfigurationPlatforms) = postSolution
		{6E279BA5-14BA-40E3-889C-2AA622590A90}.Debug|Any CPU.ActiveCfg = Debug|Any CPU
		{6E279BA5-14BA-40E3-889C-2AA622590A90}.Debug|Any CPU.Build.0 = Debug|Any CPU
		{6E279BA5-14BA-40E3-889C-2AA622590A90}.Release|Any CPU.ActiveCfg = Release|Any CPU
		{6E279BA5-14BA-40E3-889C-2AA622590A90}.Release|Any CPU.Build.0 = Release|Any CPU
		{D5BC0AA0-9898-4B05-B7DB-91C111323CE1}.Debug|Any CPU.ActiveCfg = Debug|Any CPU
		{D5BC0AA0-9898-4B05-B7DB-91C111323CE1}.Debug|Any CPU.Build.0 = Debug|Any CPU
		{D5BC0AA0-9898-4B05-B7DB-91C111323CE1}.Release|Any CPU.ActiveCfg = Release|Any CPU
		{D5BC0AA0-9898-4B05-B7DB-91C111323CE1}.Release|Any CPU.Build.0 = Release|Any CPU
		{CA276AC1-83F7-488C-BF15-B24FAEBD1499}.Debug|Any CPU.ActiveCfg = Debug|Any CPU
		{CA276AC1-83F7-488C-BF15-B24FAEBD1499}.Debug|Any CPU.Build.0 = Debug|Any CPU
		{CA276AC1-83F7-488C-BF15-B24FAEBD1499}.Release|Any CPU.ActiveCfg = Release|Any CPU
		{CA276AC1-83F7-488C-BF15-B24FAEBD1499}.Release|Any CPU.Build.0 = Release|Any CPU
		{C3E4F6AF-D9E2-4FC7-8279-1CE82E27CF22}.Debug|Any CPU.ActiveCfg = Debug|Any CPU
		{C3E4F6AF-D9E2-4FC7-8279-1CE82E27CF22}.Debug|Any CPU.Build.0 = Debug|Any CPU
		{C3E4F6AF-D9E2-4FC7-8279-1CE82E27CF22}.Release|Any CPU.ActiveCfg = Release|Any CPU
		{C3E4F6AF-D9E2-4FC7-8279-1CE82E27CF22}.Release|Any CPU.Build.0 = Release|Any CPU
		{CD2D4E3E-150C-4BF9-A965-3E227A6538C5}.Debug|Any CPU.ActiveCfg = Debug|Any CPU
		{CD2D4E3E-150C-4BF9-A965-3E227A6538C5}.Debug|Any CPU.Build.0 = Debug|Any CPU
		{CD2D4E3E-150C-4BF9-A965-3E227A6538C5}.Release|Any CPU.ActiveCfg = Release|Any CPU
		{CD2D4E3E-150C-4BF9-A965-3E227A6538C5}.Release|Any CPU.Build.0 = Release|Any CPU
		{0720B847-D701-49D1-8206-5C51A6C5F146}.Debug|Any CPU.ActiveCfg = Debug|Any CPU
		{0720B847-D701-49D1-8206-5C51A6C5F146}.Debug|Any CPU.Build.0 = Debug|Any CPU
		{0720B847-D701-49D1-8206-5C51A6C5F146}.Release|Any CPU.ActiveCfg = Release|Any CPU
		{0720B847-D701-49D1-8206-5C51A6C5F146}.Release|Any CPU.Build.0 = Release|Any CPU
		{8CA702C1-76B3-4B27-B6FD-93B253C2F04A}.Debug|Any CPU.ActiveCfg = Debug|Any CPU
		{8CA702C1-76B3-4B27-B6FD-93B253C2F04A}.Debug|Any CPU.Build.0 = Debug|Any CPU
		{8CA702C1-76B3-4B27-B6FD-93B253C2F04A}.Release|Any CPU.ActiveCfg = Release|Any CPU
		{8CA702C1-76B3-4B27-B6FD-93B253C2F04A}.Release|Any CPU.Build.0 = Release|Any CPU
		{7E249B4C-D544-4E3E-AFEF-61C9EDCBB4E6}.Debug|Any CPU.ActiveCfg = Debug|Any CPU
		{7E249B4C-D544-4E3E-AFEF-61C9EDCBB4E6}.Debug|Any CPU.Build.0 = Debug|Any CPU
		{7E249B4C-D544-4E3E-AFEF-61C9EDCBB4E6}.Release|Any CPU.ActiveCfg = Release|Any CPU
		{7E249B4C-D544-4E3E-AFEF-61C9EDCBB4E6}.Release|Any CPU.Build.0 = Release|Any CPU
		{7C0BC3F2-D209-4368-916D-0A4BC0458424}.Debug|Any CPU.ActiveCfg = Debug|Any CPU
		{7C0BC3F2-D209-4368-916D-0A4BC0458424}.Debug|Any CPU.Build.0 = Debug|Any CPU
		{7C0BC3F2-D209-4368-916D-0A4BC0458424}.Release|Any CPU.ActiveCfg = Release|Any CPU
		{7C0BC3F2-D209-4368-916D-0A4BC0458424}.Release|Any CPU.Build.0 = Release|Any CPU
		{5DDE51F7-308C-47A2-9E07-434F50A1B24B}.Debug|Any CPU.ActiveCfg = Debug|Any CPU
		{5DDE51F7-308C-47A2-9E07-434F50A1B24B}.Debug|Any CPU.Build.0 = Debug|Any CPU
		{5DDE51F7-308C-47A2-9E07-434F50A1B24B}.Release|Any CPU.ActiveCfg = Release|Any CPU
		{5DDE51F7-308C-47A2-9E07-434F50A1B24B}.Release|Any CPU.Build.0 = Release|Any CPU
	EndGlobalSection
	GlobalSection(SolutionProperties) = preSolution
		HideSolutionNode = FALSE
	EndGlobalSection
	GlobalSection(NestedProjects) = preSolution
		{6E279BA5-14BA-40E3-889C-2AA622590A90} = {CB9123FE-458B-4BC2-B4C5-07C547676901}
		{D5BC0AA0-9898-4B05-B7DB-91C111323CE1} = {5387807A-3A68-4CED-AF9F-C598C74D4C9D}
		{CA276AC1-83F7-488C-BF15-B24FAEBD1499} = {5387807A-3A68-4CED-AF9F-C598C74D4C9D}
		{C3E4F6AF-D9E2-4FC7-8279-1CE82E27CF22} = {5387807A-3A68-4CED-AF9F-C598C74D4C9D}
		{CD2D4E3E-150C-4BF9-A965-3E227A6538C5} = {7C4CFFA0-C4D3-41E4-958C-8E864AEF51AE}
		{0720B847-D701-49D1-8206-5C51A6C5F146} = {7C4CFFA0-C4D3-41E4-958C-8E864AEF51AE}
		{8CA702C1-76B3-4B27-B6FD-93B253C2F04A} = {7C4CFFA0-C4D3-41E4-958C-8E864AEF51AE}
		{7E249B4C-D544-4E3E-AFEF-61C9EDCBB4E6} = {373788EE-114A-404A-A95D-F198A57C22E2}
		{7C0BC3F2-D209-4368-916D-0A4BC0458424} = {373788EE-114A-404A-A95D-F198A57C22E2}
		{5DDE51F7-308C-47A2-9E07-434F50A1B24B} = {373788EE-114A-404A-A95D-F198A57C22E2}
	EndGlobalSection
	GlobalSection(ExtensibilityGlobals) = postSolution
		SolutionGuid = {8081F809-98C7-4620-AB8D-64EF5682A69C}
	EndGlobalSection
EndGlobal
